
Microsoft Visual Studio Solution File, Format Version 12.00
# Visual Studio Version 16
VisualStudioVersion = 16.0.30804.86
MinimumVisualStudioVersion = 10.0.40219.1
Project("{FAE04EC0-301F-11D3-BF4B-00C04F79EFBC}") = "bethanyspieshop", "bethanyspieshop.csproj", "{8B592A08-F854-4C61-9CDD-A4D324A37B61}"
EndProject
Global
	GlobalSection(SolutionConfigurationPlatforms) = preSolution
		Debug|Any CPU = Debug|Any CPU
		Release|Any CPU = Release|Any CPU
	EndGlobalSection
	GlobalSection(ProjectConfigurationPlatforms) = postSolution
		{8B592A08-F854-4C61-9CDD-A4D324A37B61}.Debug|Any CPU.ActiveCfg = Debug|Any CPU
		{8B592A08-F854-4C61-9CDD-A4D324A37B61}.Debug|Any CPU.Build.0 = Debug|Any CPU
		{8B592A08-F854-4C61-9CDD-A4D324A37B61}.Release|Any CPU.ActiveCfg = Release|Any CPU
		{8B592A08-F854-4C61-9CDD-A4D324A37B61}.Release|Any CPU.Build.0 = Release|Any CPU
	EndGlobalSection
	GlobalSection(SolutionProperties) = preSolution
		HideSolutionNode = FALSE
	EndGlobalSection
	GlobalSection(ExtensibilityGlobals) = postSolution
		SolutionGuid = {666A3580-2D30-4C58-BB70-5F266208803B}
	EndGlobalSection
EndGlobal
